
Microsoft Visual Studio Solution File, Format Version 12.00
# Visual Studio Version 17
VisualStudioVersion = 17.10.35122.118
MinimumVisualStudioVersion = 10.0.40219.1
Project("{FAE04EC0-301F-11D3-BF4B-00C04F79EFBC}") = "GestionTareasPendientes1", "GestionTareasPendientes1.csproj", "{CD800334-634E-4EBF-B848-7E236B11F2F1}"
EndProject
Global
	GlobalSection(SolutionConfigurationPlatforms) = preSolution
		Debug|Any CPU = Debug|Any CPU
		Release|Any CPU = Release|Any CPU
	EndGlobalSection
	GlobalSection(ProjectConfigurationPlatforms) = postSolution
		{CD800334-634E-4EBF-B848-7E236B11F2F1}.Debug|Any CPU.ActiveCfg = Debug|Any CPU
		{CD800334-634E-4EBF-B848-7E236B11F2F1}.Debug|Any CPU.Build.0 = Debug|Any CPU
		{CD800334-634E-4EBF-B848-7E236B11F2F1}.Release|Any CPU.ActiveCfg = Release|Any CPU
		{CD800334-634E-4EBF-B848-7E236B11F2F1}.Release|Any CPU.Build.0 = Release|Any CPU
	EndGlobalSection
	GlobalSection(SolutionProperties) = preSolution
		HideSolutionNode = FALSE
	EndGlobalSection
	GlobalSection(ExtensibilityGlobals) = postSolution
		SolutionGuid = {CFA3F35F-0846-49E1-9BAD-CB82C36D49DF}
	EndGlobalSection
EndGlobal
